
Microsoft Visual Studio Solution File, Format Version 12.00
# Visual Studio Version 16
VisualStudioVersion = 16.0.29411.108
MinimumVisualStudioVersion = 10.0.40219.1
Project("{9A19103F-16F7-4668-BE54-9A1E7A4F7556}") = "UrlClicks.Domain", "UrlClicks.Domain\UrlClicks.Domain.csproj", "{C0D22D71-2EC4-4921-8BAE-59D6FEAF2513}"
EndProject
Project("{9A19103F-16F7-4668-BE54-9A1E7A4F7556}") = "UrlClicks.Application", "UrlClicks.Application\UrlClicks.Application.csproj", "{9F833336-E700-4577-BB1A-3FE71486FFE3}"
EndProject
Project("{2150E333-8FDC-42A3-9474-1A3956D46DE8}") = "Docs", "Docs", "{0A45FEA9-4A14-428E-B1A3-45643E1BC23F}"
	ProjectSection(SolutionItems) = preProject
		..\pfiles.rar = ..\pfiles.rar
	EndProjectSection
EndProject
Project("{2150E333-8FDC-42A3-9474-1A3956D46DE8}") = "Source", "Source", "{5DEBC16E-F641-4A5E-A174-C2490F083D3B}"
EndProject
Project("{2150E333-8FDC-42A3-9474-1A3956D46DE8}") = "Tests", "Tests", "{7C2D5E31-7BE6-4909-B713-62C2BA8F9714}"
EndProject
Project("{2150E333-8FDC-42A3-9474-1A3956D46DE8}") = "Presentation", "Presentation", "{EC5D69EA-9942-4C56-87FB-98656594A09F}"
EndProject
Project("{2150E333-8FDC-42A3-9474-1A3956D46DE8}") = "Application", "Application", "{BD4AE104-C513-48EE-89CA-8D42EBBC2318}"
EndProject
Project("{2150E333-8FDC-42A3-9474-1A3956D46DE8}") = "Domain", "Domain", "{01B827DD-4A22-4EE1-B5EF-9AA212836E7A}"
EndProject
Project("{2150E333-8FDC-42A3-9474-1A3956D46DE8}") = "Infrastructure", "Infrastructure", "{475FC8CD-9C0F-4ACC-B8C3-C77797F8B9A7}"
EndProject
Project("{2150E333-8FDC-42A3-9474-1A3956D46DE8}") = "FunctionApps", "FunctionApps", "{1941D63C-B2D5-43C4-BE59-9A51AE1AD823}"
EndProject
Project("{9A19103F-16F7-4668-BE54-9A1E7A4F7556}") = "UrlClicks.Persistence", "UrlClicks.Persistence\UrlClicks.Persistence.csproj", "{D70BAA01-BE0C-4D6D-95BD-4DB57F5761B1}"
EndProject
Project("{9A19103F-16F7-4668-BE54-9A1E7A4F7556}") = "UrlClicks.Infrastructure", "UrlClicks.Infrastructure\UrlClicks.Infrastructure.csproj", "{307B0660-A891-4B24-98C8-0AFCCD216D78}"
EndProject
Project("{9A19103F-16F7-4668-BE54-9A1E7A4F7556}") = "UrlClicks.WebAPI", "UrlClicks.WebAPI\UrlClicks.WebAPI.csproj", "{CB230335-C9E0-4DF7-B4DE-74ADEE6835DC}"
EndProject
Project("{9A19103F-16F7-4668-BE54-9A1E7A4F7556}") = "UrlClicks.Funcapp", "UrlClicks.Funcapp\UrlClicks.Funcapp.csproj", "{8B6D2F64-2006-467F-BEC8-95D7CE576E38}"
EndProject
Global
	GlobalSection(SolutionConfigurationPlatforms) = preSolution
		Debug|Any CPU = Debug|Any CPU
		Release|Any CPU = Release|Any CPU
	EndGlobalSection
	GlobalSection(ProjectConfigurationPlatforms) = postSolution
		{C0D22D71-2EC4-4921-8BAE-59D6FEAF2513}.Debug|Any CPU.ActiveCfg = Debug|Any CPU
		{C0D22D71-2EC4-4921-8BAE-59D6FEAF2513}.Debug|Any CPU.Build.0 = Debug|Any CPU
		{C0D22D71-2EC4-4921-8BAE-59D6FEAF2513}.Release|Any CPU.ActiveCfg = Release|Any CPU
		{C0D22D71-2EC4-4921-8BAE-59D6FEAF2513}.Release|Any CPU.Build.0 = Release|Any CPU
		{9F833336-E700-4577-BB1A-3FE71486FFE3}.Debug|Any CPU.ActiveCfg = Debug|Any CPU
		{9F833336-E700-4577-BB1A-3FE71486FFE3}.Debug|Any CPU.Build.0 = Debug|Any CPU
		{9F833336-E700-4577-BB1A-3FE71486FFE3}.Release|Any CPU.ActiveCfg = Release|Any CPU
		{9F833336-E700-4577-BB1A-3FE71486FFE3}.Release|Any CPU.Build.0 = Release|Any CPU
		{D70BAA01-BE0C-4D6D-95BD-4DB57F5761B1}.Debug|Any CPU.ActiveCfg = Debug|Any CPU
		{D70BAA01-BE0C-4D6D-95BD-4DB57F5761B1}.Debug|Any CPU.Build.0 = Debug|Any CPU
		{D70BAA01-BE0C-4D6D-95BD-4DB57F5761B1}.Release|Any CPU.ActiveCfg = Release|Any CPU
		{D70BAA01-BE0C-4D6D-95BD-4DB57F5761B1}.Release|Any CPU.Build.0 = Release|Any CPU
		{307B0660-A891-4B24-98C8-0AFCCD216D78}.Debug|Any CPU.ActiveCfg = Debug|Any CPU
		{307B0660-A891-4B24-98C8-0AFCCD216D78}.Debug|Any CPU.Build.0 = Debug|Any CPU
		{307B0660-A891-4B24-98C8-0AFCCD216D78}.Release|Any CPU.ActiveCfg = Release|Any CPU
		{307B0660-A891-4B24-98C8-0AFCCD216D78}.Release|Any CPU.Build.0 = Release|Any CPU
		{CB230335-C9E0-4DF7-B4DE-74ADEE6835DC}.Debug|Any CPU.ActiveCfg = Debug|Any CPU
		{CB230335-C9E0-4DF7-B4DE-74ADEE6835DC}.Debug|Any CPU.Build.0 = Debug|Any CPU
		{CB230335-C9E0-4DF7-B4DE-74ADEE6835DC}.Release|Any CPU.ActiveCfg = Release|Any CPU
		{CB230335-C9E0-4DF7-B4DE-74ADEE6835DC}.Release|Any CPU.Build.0 = Release|Any CPU
		{8B6D2F64-2006-467F-BEC8-95D7CE576E38}.Debug|Any CPU.ActiveCfg = Debug|Any CPU
		{8B6D2F64-2006-467F-BEC8-95D7CE576E38}.Debug|Any CPU.Build.0 = Debug|Any CPU
		{8B6D2F64-2006-467F-BEC8-95D7CE576E38}.Release|Any CPU.ActiveCfg = Release|Any CPU
		{8B6D2F64-2006-467F-BEC8-95D7CE576E38}.Release|Any CPU.Build.0 = Release|Any CPU
	EndGlobalSection
	GlobalSection(SolutionProperties) = preSolution
		HideSolutionNode = FALSE
	EndGlobalSection
	GlobalSection(NestedProjects) = preSolution
		{C0D22D71-2EC4-4921-8BAE-59D6FEAF2513} = {01B827DD-4A22-4EE1-B5EF-9AA212836E7A}
		{9F833336-E700-4577-BB1A-3FE71486FFE3} = {BD4AE104-C513-48EE-89CA-8D42EBBC2318}
		{EC5D69EA-9942-4C56-87FB-98656594A09F} = {5DEBC16E-F641-4A5E-A174-C2490F083D3B}
		{BD4AE104-C513-48EE-89CA-8D42EBBC2318} = {5DEBC16E-F641-4A5E-A174-C2490F083D3B}
		{01B827DD-4A22-4EE1-B5EF-9AA212836E7A} = {5DEBC16E-F641-4A5E-A174-C2490F083D3B}
		{475FC8CD-9C0F-4ACC-B8C3-C77797F8B9A7} = {5DEBC16E-F641-4A5E-A174-C2490F083D3B}
		{1941D63C-B2D5-43C4-BE59-9A51AE1AD823} = {EC5D69EA-9942-4C56-87FB-98656594A09F}
		{D70BAA01-BE0C-4D6D-95BD-4DB57F5761B1} = {475FC8CD-9C0F-4ACC-B8C3-C77797F8B9A7}
		{307B0660-A891-4B24-98C8-0AFCCD216D78} = {475FC8CD-9C0F-4ACC-B8C3-C77797F8B9A7}
		{CB230335-C9E0-4DF7-B4DE-74ADEE6835DC} = {EC5D69EA-9942-4C56-87FB-98656594A09F}
		{8B6D2F64-2006-467F-BEC8-95D7CE576E38} = {1941D63C-B2D5-43C4-BE59-9A51AE1AD823}
	EndGlobalSection
	GlobalSection(ExtensibilityGlobals) = postSolution
		SolutionGuid = {5F674631-7E75-4A8E-8406-673DCB2AF67F}
	EndGlobalSection
EndGlobal
